// !$*UTF8*$!
{
	archiveVersion = 1;
	classes = {
	};
	objectVersion = 50;
	objects = {

/* Begin PBXBuildFile section */
		5F7FDB582697087D007C402B /* AppDelegate.swift in Sources */ = {isa = PBXBuildFile; fileRef = 5F7FDB572697087D007C402B /* AppDelegate.swift */; };
		5F7FDB5A2697087D007C402B /* SceneDelegate.swift in Sources */ = {isa = PBXBuildFile; fileRef = 5F7FDB592697087D007C402B /* SceneDelegate.swift */; };
		5F7FDB5C2697087D007C402B /* ViewController.swift in Sources */ = {isa = PBXBuildFile; fileRef = 5F7FDB5B2697087D007C402B /* ViewController.swift */; };
		5F7FDB5F2697087D007C402B /* Main.storyboard in Resources */ = {isa = PBXBuildFile; fileRef = 5F7FDB5D2697087D007C402B /* Main.storyboard */; };
		5F7FDB612697087D007C402B /* Assets.xcassets in Resources */ = {isa = PBXBuildFile; fileRef = 5F7FDB602697087D007C402B /* Assets.xcassets */; };
		5F7FDB642697087D007C402B /* LaunchScreen.storyboard in Resources */ = {isa = PBXBuildFile; fileRef = 5F7FDB622697087D007C402B /* LaunchScreen.storyboard */; };
		5F7FDB6F2697087D007C402B /* KC_Fundamentos_IOS_PracticaTests.swift in Sources */ = {isa = PBXBuildFile; fileRef = 5F7FDB6E2697087D007C402B /* KC_Fundamentos_IOS_PracticaTests.swift */; };
		5F7FDB7A2697087D007C402B /* KC_Fundamentos_IOS_PracticaUITests.swift in Sources */ = {isa = PBXBuildFile; fileRef = 5F7FDB792697087D007C402B /* KC_Fundamentos_IOS_PracticaUITests.swift */; };
/* End PBXBuildFile section */

/* Begin PBXContainerItemProxy section */
		5F7FDB6B2697087D007C402B /* PBXContainerItemProxy */ = {
			isa = PBXContainerItemProxy;
			containerPortal = 5F7FDB4C2697087D007C402B /* Project object */;
			proxyType = 1;
			remoteGlobalIDString = 5F7FDB532697087D007C402B;
			remoteInfo = "KC-Fundamentos_IOS-Practica";
		};
		5F7FDB762697087D007C402B /* PBXContainerItemProxy */ = {
			isa = PBXContainerItemProxy;
			containerPortal = 5F7FDB4C2697087D007C402B /* Project object */;
			proxyType = 1;
			remoteGlobalIDString = 5F7FDB532697087D007C402B;
			remoteInfo = "KC-Fundamentos_IOS-Practica";
		};
/* End PBXContainerItemProxy section */

/* Begin PBXFileReference section */
		5F7FDB542697087D007C402B /* KC-Fundamentos_IOS-Practica.app */ = {isa = PBXFileReference; explicitFileType = wrapper.application; includeInIndex = 0; path = "KC-Fundamentos_IOS-Practica.app"; sourceTree = BUILT_PRODUCTS_DIR; };
		5F7FDB572697087D007C402B /* AppDelegate.swift */ = {isa = PBXFileReference; lastKnownFileType = sourcecode.swift; path = AppDelegate.swift; sourceTree = "<group>"; };
		5F7FDB592697087D007C402B /* SceneDelegate.swift */ = {isa = PBXFileReference; lastKnownFileType = sourcecode.swift; path = SceneDelegate.swift; sourceTree = "<group>"; };
		5F7FDB5B2697087D007C402B /* ViewController.swift */ = {isa = PBXFileReference; lastKnownFileType = sourcecode.swift; path = ViewController.swift; sourceTree = "<group>"; };
		5F7FDB5E2697087D007C402B /* Base */ = {isa = PBXFileReference; lastKnownFileType = file.storyboard; name = Base; path = Base.lproj/Main.storyboard; sourceTree = "<group>"; };
		5F7FDB602697087D007C402B /* Assets.xcassets */ = {isa = PBXFileReference; lastKnownFileType = folder.assetcatalog; path = Assets.xcassets; sourceTree = "<group>"; };
		5F7FDB632697087D007C402B /* Base */ = {isa = PBXFileReference; lastKnownFileType = file.storyboard; name = Base; path = Base.lproj/LaunchScreen.storyboard; sourceTree = "<group>"; };
		5F7FDB652697087D007C402B /* Info.plist */ = {isa = PBXFileReference; lastKnownFileType = text.plist.xml; path = Info.plist; sourceTree = "<group>"; };
		5F7FDB6A2697087D007C402B /* KC-Fundamentos_IOS-PracticaTests.xctest */ = {isa = PBXFileReference; explicitFileType = wrapper.cfbundle; includeInIndex = 0; path = "KC-Fundamentos_IOS-PracticaTests.xctest"; sourceTree = BUILT_PRODUCTS_DIR; };
		5F7FDB6E2697087D007C402B /* KC_Fundamentos_IOS_PracticaTests.swift */ = {isa = PBXFileReference; lastKnownFileType = sourcecode.swift; path = KC_Fundamentos_IOS_PracticaTests.swift; sourceTree = "<group>"; };
		5F7FDB702697087D007C402B /* Info.plist */ = {isa = PBXFileReference; lastKnownFileType = text.plist.xml; path = Info.plist; sourceTree = "<group>"; };
		5F7FDB752697087D007C402B /* KC-Fundamentos_IOS-PracticaUITests.xctest */ = {isa = PBXFileReference; explicitFileType = wrapper.cfbundle; includeInIndex = 0; path = "KC-Fundamentos_IOS-PracticaUITests.xctest"; sourceTree = BUILT_PRODUCTS_DIR; };
		5F7FDB792697087D007C402B /* KC_Fundamentos_IOS_PracticaUITests.swift */ = {isa = PBXFileReference; lastKnownFileType = sourcecode.swift; path = KC_Fundamentos_IOS_PracticaUITests.swift; sourceTree = "<group>"; };
		5F7FDB7B2697087D007C402B /* Info.plist */ = {isa = PBXFileReference; lastKnownFileType = text.plist.xml; path = Info.plist; sourceTree = "<group>"; };
/* End PBXFileReference section */

/* Begin PBXFrameworksBuildPhase section */
		5F7FDB512697087D007C402B /* Frameworks */ = {
			isa = PBXFrameworksBuildPhase;
			buildActionMask = 2147483647;
			files = (
			);
			runOnlyForDeploymentPostprocessing = 0;
		};
		5F7FDB672697087D007C402B /* Frameworks */ = {
			isa = PBXFrameworksBuildPhase;
			buildActionMask = 2147483647;
			files = (
			);
			runOnlyForDeploymentPostprocessing = 0;
		};
		5F7FDB722697087D007C402B /* Frameworks */ = {
			isa = PBXFrameworksBuildPhase;
			buildActionMask = 2147483647;
			files = (
			);
			runOnlyForDeploymentPostprocessing = 0;
		};
/* End PBXFrameworksBuildPhase section */

/* Begin PBXGroup section */
		5F7FDB4B2697087D007C402B = {
			isa = PBXGroup;
			children = (
				5F7FDB562697087D007C402B /* KC-Fundamentos_IOS-Practica */,
				5F7FDB6D2697087D007C402B /* KC-Fundamentos_IOS-PracticaTests */,
				5F7FDB782697087D007C402B /* KC-Fundamentos_IOS-PracticaUITests */,
				5F7FDB552697087D007C402B /* Products */,
			);
			sourceTree = "<group>";
		};
		5F7FDB552697087D007C402B /* Products */ = {
			isa = PBXGroup;
			children = (
				5F7FDB542697087D007C402B /* KC-Fundamentos_IOS-Practica.app */,
				5F7FDB6A2697087D007C402B /* KC-Fundamentos_IOS-PracticaTests.xctest */,
				5F7FDB752697087D007C402B /* KC-Fundamentos_IOS-PracticaUITests.xctest */,
			);
			name = Products;
			sourceTree = "<group>";
		};
		5F7FDB562697087D007C402B /* KC-Fundamentos_IOS-Practica */ = {
			isa = PBXGroup;
			children = (
				5F7FDB572697087D007C402B /* AppDelegate.swift */,
				5F7FDB592697087D007C402B /* SceneDelegate.swift */,
				5F7FDB5B2697087D007C402B /* ViewController.swift */,
				5F7FDB5D2697087D007C402B /* Main.storyboard */,
				5F7FDB602697087D007C402B /* Assets.xcassets */,
				5F7FDB622697087D007C402B /* LaunchScreen.storyboard */,
				5F7FDB652697087D007C402B /* Info.plist */,
			);
			path = "KC-Fundamentos_IOS-Practica";
			sourceTree = "<group>";
		};
		5F7FDB6D2697087D007C402B /* KC-Fundamentos_IOS-PracticaTests */ = {
			isa = PBXGroup;
			children = (
				5F7FDB6E2697087D007C402B /* KC_Fundamentos_IOS_PracticaTests.swift */,
				5F7FDB702697087D007C402B /* Info.plist */,
			);
			path = "KC-Fundamentos_IOS-PracticaTests";
			sourceTree = "<group>";
		};
		5F7FDB782697087D007C402B /* KC-Fundamentos_IOS-PracticaUITests */ = {
			isa = PBXGroup;
			children = (
				5F7FDB792697087D007C402B /* KC_Fundamentos_IOS_PracticaUITests.swift */,
				5F7FDB7B2697087D007C402B /* Info.plist */,
			);
			path = "KC-Fundamentos_IOS-PracticaUITests";
			sourceTree = "<group>";
		};
/* End PBXGroup section */

/* Begin PBXNativeTarget section */
		5F7FDB532697087D007C402B /* KC-Fundamentos_IOS-Practica */ = {
			isa = PBXNativeTarget;
			buildConfigurationList = 5F7FDB7E2697087D007C402B /* Build configuration list for PBXNativeTarget "KC-Fundamentos_IOS-Practica" */;
			buildPhases = (
				5F7FDB502697087D007C402B /* Sources */,
				5F7FDB512697087D007C402B /* Frameworks */,
				5F7FDB522697087D007C402B /* Resources */,
			);
			buildRules = (
			);
			dependencies = (
			);
			name = "KC-Fundamentos_IOS-Practica";
			productName = "KC-Fundamentos_IOS-Practica";
			productReference = 5F7FDB542697087D007C402B /* KC-Fundamentos_IOS-Practica.app */;
			productType = "com.apple.product-type.application";
		};
		5F7FDB692697087D007C402B /* KC-Fundamentos_IOS-PracticaTests */ = {
			isa = PBXNativeTarget;
			buildConfigurationList = 5F7FDB812697087D007C402B /* Build configuration list for PBXNativeTarget "KC-Fundamentos_IOS-PracticaTests" */;
			buildPhases = (
				5F7FDB662697087D007C402B /* Sources */,
				5F7FDB672697087D007C402B /* Frameworks */,
				5F7FDB682697087D007C402B /* Resources */,
			);
			buildRules = (
			);
			dependencies = (
				5F7FDB6C2697087D007C402B /* PBXTargetDependency */,
			);
			name = "KC-Fundamentos_IOS-PracticaTests";
			productName = "KC-Fundamentos_IOS-PracticaTests";
			productReference = 5F7FDB6A2697087D007C402B /* KC-Fundamentos_IOS-PracticaTests.xctest */;
			productType = "com.apple.product-type.bundle.unit-test";
		};
		5F7FDB742697087D007C402B /* KC-Fundamentos_IOS-PracticaUITests */ = {
			isa = PBXNativeTarget;
			buildConfigurationList = 5F7FDB842697087D007C402B /* Build configuration list for PBXNativeTarget "KC-Fundamentos_IOS-PracticaUITests" */;
			buildPhases = (
				5F7FDB712697087D007C402B /* Sources */,
				5F7FDB722697087D007C402B /* Frameworks */,
				5F7FDB732697087D007C402B /* Resources */,
			);
			buildRules = (
			);
			dependencies = (
				5F7FDB772697087D007C402B /* PBXTargetDependency */,
			);
			name = "KC-Fundamentos_IOS-PracticaUITests";
			productName = "KC-Fundamentos_IOS-PracticaUITests";
			productReference = 5F7FDB752697087D007C402B /* KC-Fundamentos_IOS-PracticaUITests.xctest */;
			productType = "com.apple.product-type.bundle.ui-testing";
		};
/* End PBXNativeTarget section */

/* Begin PBXProject section */
		5F7FDB4C2697087D007C402B /* Project object */ = {
			isa = PBXProject;
			attributes = {
				LastSwiftUpdateCheck = 1250;
				LastUpgradeCheck = 1250;
				TargetAttributes = {
					5F7FDB532697087D007C402B = {
						CreatedOnToolsVersion = 12.5.1;
					};
					5F7FDB692697087D007C402B = {
						CreatedOnToolsVersion = 12.5.1;
						TestTargetID = 5F7FDB532697087D007C402B;
					};
					5F7FDB742697087D007C402B = {
						CreatedOnToolsVersion = 12.5.1;
						TestTargetID = 5F7FDB532697087D007C402B;
					};
				};
			};
			buildConfigurationList = 5F7FDB4F2697087D007C402B /* Build configuration list for PBXProject "KC-Fundamentos_IOS-Practica" */;
			compatibilityVersion = "Xcode 9.3";
			developmentRegion = en;
			hasScannedForEncodings = 0;
			knownRegions = (
				en,
				Base,
			);
			mainGroup = 5F7FDB4B2697087D007C402B;
			productRefGroup = 5F7FDB552697087D007C402B /* Products */;
			projectDirPath = "";
			projectRoot = "";
			targets = (
				5F7FDB532697087D007C402B /* KC-Fundamentos_IOS-Practica */,
				5F7FDB692697087D007C402B /* KC-Fundamentos_IOS-PracticaTests */,
				5F7FDB742697087D007C402B /* KC-Fundamentos_IOS-PracticaUITests */,
			);
		};
/* End PBXProject section */

/* Begin PBXResourcesBuildPhase section */
		5F7FDB522697087D007C402B /* Resources */ = {
			isa = PBXResourcesBuildPhase;
			buildActionMask = 2147483647;
			files = (
				5F7FDB642697087D007C402B /* LaunchScreen.storyboard in Resources */,
				5F7FDB612697087D007C402B /* Assets.xcassets in Resources */,
				5F7FDB5F2697087D007C402B /* Main.storyboard in Resources */,
			);
			runOnlyForDeploymentPostprocessing = 0;
		};
		5F7FDB682697087D007C402B /* Resources */ = {
			isa = PBXResourcesBuildPhase;
			buildActionMask = 2147483647;
			files = (
			);
			runOnlyForDeploymentPostprocessing = 0;
		};
		5F7FDB732697087D007C402B /* Resources */ = {
			isa = PBXResourcesBuildPhase;
			buildActionMask = 2147483647;
			files = (
			);
			runOnlyForDeploymentPostprocessing = 0;
		};
/* End PBXResourcesBuildPhase section */

/* Begin PBXSourcesBuildPhase section */
		5F7FDB502697087D007C402B /* Sources */ = {
			isa = PBXSourcesBuildPhase;
			buildActionMask = 2147483647;
			files = (
				5F7FDB5C2697087D007C402B /* ViewController.swift in Sources */,
				5F7FDB582697087D007C402B /* AppDelegate.swift in Sources */,
				5F7FDB5A2697087D007C402B /* SceneDelegate.swift in Sources */,
			);
			runOnlyForDeploymentPostprocessing = 0;
		};
		5F7FDB662697087D007C402B /* Sources */ = {
			isa = PBXSourcesBuildPhase;
			buildActionMask = 2147483647;
			files = (
				5F7FDB6F2697087D007C402B /* KC_Fundamentos_IOS_PracticaTests.swift in Sources */,
			);
			runOnlyForDeploymentPostprocessing = 0;
		};
		5F7FDB712697087D007C402B /* Sources */ = {
			isa = PBXSourcesBuildPhase;
			buildActionMask = 2147483647;
			files = (
				5F7FDB7A2697087D007C402B /* KC_Fundamentos_IOS_PracticaUITests.swift in Sources */,
			);
			runOnlyForDeploymentPostprocessing = 0;
		};
/* End PBXSourcesBuildPhase section */

/* Begin PBXTargetDependency section */
		5F7FDB6C2697087D007C402B /* PBXTargetDependency */ = {
			isa = PBXTargetDependency;
			target = 5F7FDB532697087D007C402B /* KC-Fundamentos_IOS-Practica */;
			targetProxy = 5F7FDB6B2697087D007C402B /* PBXContainerItemProxy */;
		};
		5F7FDB772697087D007C402B /* PBXTargetDependency */ = {
			isa = PBXTargetDependency;
			target = 5F7FDB532697087D007C402B /* KC-Fundamentos_IOS-Practica */;
			targetProxy = 5F7FDB762697087D007C402B /* PBXContainerItemProxy */;
		};
/* End PBXTargetDependency section */

/* Begin PBXVariantGroup section */
		5F7FDB5D2697087D007C402B /* Main.storyboard */ = {
			isa = PBXVariantGroup;
			children = (
				5F7FDB5E2697087D007C402B /* Base */,
			);
			name = Main.storyboard;
			sourceTree = "<group>";
		};
		5F7FDB622697087D007C402B /* LaunchScreen.storyboard */ = {
			isa = PBXVariantGroup;
			children = (
				5F7FDB632697087D007C402B /* Base */,
			);
			name = LaunchScreen.storyboard;
			sourceTree = "<group>";
		};
/* End PBXVariantGroup section */

/* Begin XCBuildConfiguration section */
		5F7FDB7C2697087D007C402B /* Debug */ = {
			isa = XCBuildConfiguration;
			buildSettings = {
				ALWAYS_SEARCH_USER_PATHS = NO;
				CLANG_ANALYZER_NONNULL = YES;
				CLANG_ANALYZER_NUMBER_OBJECT_CONVERSION = YES_AGGRESSIVE;
				CLANG_CXX_LANGUAGE_STANDARD = "gnu++14";
				CLANG_CXX_LIBRARY = "libc++";
				CLANG_ENABLE_MODULES = YES;
				CLANG_ENABLE_OBJC_ARC = YES;
				CLANG_ENABLE_OBJC_WEAK = YES;
				CLANG_WARN_BLOCK_CAPTURE_AUTORELEASING = YES;
				CLANG_WARN_BOOL_CONVERSION = YES;
				CLANG_WARN_COMMA = YES;
				CLANG_WARN_CONSTANT_CONVERSION = YES;
				CLANG_WARN_DEPRECATED_OBJC_IMPLEMENTATIONS = YES;
				CLANG_WARN_DIRECT_OBJC_ISA_USAGE = YES_ERROR;
				CLANG_WARN_DOCUMENTATION_COMMENTS = YES;
				CLANG_WARN_EMPTY_BODY = YES;
				CLANG_WARN_ENUM_CONVERSION = YES;
				CLANG_WARN_INFINITE_RECURSION = YES;
				CLANG_WARN_INT_CONVERSION = YES;
				CLANG_WARN_NON_LITERAL_NULL_CONVERSION = YES;
				CLANG_WARN_OBJC_IMPLICIT_RETAIN_SELF = YES;
				CLANG_WARN_OBJC_LITERAL_CONVERSION = YES;
				CLANG_WARN_OBJC_ROOT_CLASS = YES_ERROR;
				CLANG_WARN_QUOTED_INCLUDE_IN_FRAMEWORK_HEADER = YES;
				CLANG_WARN_RANGE_LOOP_ANALYSIS = YES;
				CLANG_WARN_STRICT_PROTOTYPES = YES;
				CLANG_WARN_SUSPICIOUS_MOVE = YES;
				CLANG_WARN_UNGUARDED_AVAILABILITY = YES_AGGRESSIVE;
				CLANG_WARN_UNREACHABLE_CODE = YES;
				CLANG_WARN__DUPLICATE_METHOD_MATCH = YES;
				COPY_PHASE_STRIP = NO;
				DEBUG_INFORMATION_FORMAT = dwarf;
				ENABLE_STRICT_OBJC_MSGSEND = YES;
				ENABLE_TESTABILITY = YES;
				GCC_C_LANGUAGE_STANDARD = gnu11;
				GCC_DYNAMIC_NO_PIC = NO;
				GCC_NO_COMMON_BLOCKS = YES;
				GCC_OPTIMIZATION_LEVEL = 0;
				GCC_PREPROCESSOR_DEFINITIONS = (
					"DEBUG=1",
					"$(inherited)",
				);
				GCC_WARN_64_TO_32_BIT_CONVERSION = YES;
				GCC_WARN_ABOUT_RETURN_TYPE = YES_ERROR;
				GCC_WARN_UNDECLARED_SELECTOR = YES;
				GCC_WARN_UNINITIALIZED_AUTOS = YES_AGGRESSIVE;
				GCC_WARN_UNUSED_FUNCTION = YES;
				GCC_WARN_UNUSED_VARIABLE = YES;
				IPHONEOS_DEPLOYMENT_TARGET = 14.5;
				MTL_ENABLE_DEBUG_INFO = INCLUDE_SOURCE;
				MTL_FAST_MATH = YES;
				ONLY_ACTIVE_ARCH = YES;
				SDKROOT = iphoneos;
				SWIFT_ACTIVE_COMPILATION_CONDITIONS = DEBUG;
				SWIFT_OPTIMIZATION_LEVEL = "-Onone";
			};
			name = Debug;
		};
		5F7FDB7D2697087D007C402B /* Release */ = {
			isa = XCBuildConfiguration;
			buildSettings = {
				ALWAYS_SEARCH_USER_PATHS = NO;
				CLANG_ANALYZER_NONNULL = YES;
				CLANG_ANALYZER_NUMBER_OBJECT_CONVERSION = YES_AGGRESSIVE;
				CLANG_CXX_LANGUAGE_STANDARD = "gnu++14";
				CLANG_CXX_LIBRARY = "libc++";
				CLANG_ENABLE_MODULES = YES;
				CLANG_ENABLE_OBJC_ARC = YES;
				CLANG_ENABLE_OBJC_WEAK = YES;
				CLANG_WARN_BLOCK_CAPTURE_AUTORELEASING = YES;
				CLANG_WARN_BOOL_CONVERSION = YES;
				CLANG_WARN_COMMA = YES;
				CLANG_WARN_CONSTANT_CONVERSION = YES;
				CLANG_WARN_DEPRECATED_OBJC_IMPLEMENTATIONS = YES;
				CLANG_WARN_DIRECT_OBJC_ISA_USAGE = YES_ERROR;
				CLANG_WARN_DOCUMENTATION_COMMENTS = YES;
				CLANG_WARN_EMPTY_BODY = YES;
				CLANG_WARN_ENUM_CONVERSION = YES;
				CLANG_WARN_INFINITE_RECURSION = YES;
				CLANG_WARN_INT_CONVERSION = YES;
				CLANG_WARN_NON_LITERAL_NULL_CONVERSION = YES;
				CLANG_WARN_OBJC_IMPLICIT_RETAIN_SELF = YES;
				CLANG_WARN_OBJC_LITERAL_CONVERSION = YES;
				CLANG_WARN_OBJC_ROOT_CLASS = YES_ERROR;
				CLANG_WARN_QUOTED_INCLUDE_IN_FRAMEWORK_HEADER = YES;
				CLANG_WARN_RANGE_LOOP_ANALYSIS = YES;
				CLANG_WARN_STRICT_PROTOTYPES = YES;
				CLANG_WARN_SUSPICIOUS_MOVE = YES;
				CLANG_WARN_UNGUARDED_AVAILABILITY = YES_AGGRESSIVE;
				CLANG_WARN_UNREACHABLE_CODE = YES;
				CLANG_WARN__DUPLICATE_METHOD_MATCH = YES;
				COPY_PHASE_STRIP = NO;
				DEBUG_INFORMATION_FORMAT = "dwarf-with-dsym";
				ENABLE_NS_ASSERTIONS = NO;
				ENABLE_STRICT_OBJC_MSGSEND = YES;
				GCC_C_LANGUAGE_STANDARD = gnu11;
				GCC_NO_COMMON_BLOCKS = YES;
				GCC_WARN_64_TO_32_BIT_CONVERSION = YES;
				GCC_WARN_ABOUT_RETURN_TYPE = YES_ERROR;
				GCC_WARN_UNDECLARED_SELECTOR = YES;
				GCC_WARN_UNINITIALIZED_AUTOS = YES_AGGRESSIVE;
				GCC_WARN_UNUSED_FUNCTION = YES;
				GCC_WARN_UNUSED_VARIABLE = YES;
				IPHONEOS_DEPLOYMENT_TARGET = 14.5;
				MTL_ENABLE_DEBUG_INFO = NO;
				MTL_FAST_MATH = YES;
				SDKROOT = iphoneos;
				SWIFT_COMPILATION_MODE = wholemodule;
				SWIFT_OPTIMIZATION_LEVEL = "-O";
				VALIDATE_PRODUCT = YES;
			};
			name = Release;
		};
		5F7FDB7F2697087D007C402B /* Debug */ = {
			isa = XCBuildConfiguration;
			buildSettings = {
				ASSETCATALOG_COMPILER_APPICON_NAME = AppIcon;
				ASSETCATALOG_COMPILER_GLOBAL_ACCENT_COLOR_NAME = AccentColor;
				CODE_SIGN_STYLE = Automatic;
				INFOPLIST_FILE = "KC-Fundamentos_IOS-Practica/Info.plist";
				LD_RUNPATH_SEARCH_PATHS = (
					"$(inherited)",
					"@executable_path/Frameworks",
				);
				PRODUCT_BUNDLE_IDENTIFIER = "com.jmontielr.KC-Fundamentos-IOS-Practica";
				PRODUCT_NAME = "$(TARGET_NAME)";
				SWIFT_VERSION = 5.0;
				TARGETED_DEVICE_FAMILY = "1,2";
			};
			name = Debug;
		};
		5F7FDB802697087D007C402B /* Release */ = {
			isa = XCBuildConfiguration;
			buildSettings = {
				ASSETCATALOG_COMPILER_APPICON_NAME = AppIcon;
				ASSETCATALOG_COMPILER_GLOBAL_ACCENT_COLOR_NAME = AccentColor;
				CODE_SIGN_STYLE = Automatic;
				INFOPLIST_FILE = "KC-Fundamentos_IOS-Practica/Info.plist";
				LD_RUNPATH_SEARCH_PATHS = (
					"$(inherited)",
					"@executable_path/Frameworks",
				);
				PRODUCT_BUNDLE_IDENTIFIER = "com.jmontielr.KC-Fundamentos-IOS-Practica";
				PRODUCT_NAME = "$(TARGET_NAME)";
				SWIFT_VERSION = 5.0;
				TARGETED_DEVICE_FAMILY = "1,2";
			};
			name = Release;
		};
		5F7FDB822697087D007C402B /* Debug */ = {
			isa = XCBuildConfiguration;
			buildSettings = {
				ALWAYS_EMBED_SWIFT_STANDARD_LIBRARIES = YES;
				BUNDLE_LOADER = "$(TEST_HOST)";
				CODE_SIGN_STYLE = Automatic;
				INFOPLIST_FILE = "KC-Fundamentos_IOS-PracticaTests/Info.plist";
				IPHONEOS_DEPLOYMENT_TARGET = 14.5;
				LD_RUNPATH_SEARCH_PATHS = (
					"$(inherited)",
					"@executable_path/Frameworks",
					"@loader_path/Frameworks",
				);
				PRODUCT_BUNDLE_IDENTIFIER = "com.jmontielr.KC-Fundamentos-IOS-PracticaTests";
				PRODUCT_NAME = "$(TARGET_NAME)";
				SWIFT_VERSION = 5.0;
				TARGETED_DEVICE_FAMILY = "1,2";
				TEST_HOST = "$(BUILT_PRODUCTS_DIR)/KC-Fundamentos_IOS-Practica.app/KC-Fundamentos_IOS-Practica";
			};
			name = Debug;
		};
		5F7FDB832697087D007C402B /* Release */ = {
			isa = XCBuildConfiguration;
			buildSettings = {
				ALWAYS_EMBED_SWIFT_STANDARD_LIBRARIES = YES;
				BUNDLE_LOADER = "$(TEST_HOST)";
				CODE_SIGN_STYLE = Automatic;
				INFOPLIST_FILE = "KC-Fundamentos_IOS-PracticaTests/Info.plist";
				IPHONEOS_DEPLOYMENT_TARGET = 14.5;
				LD_RUNPATH_SEARCH_PATHS = (
					"$(inherited)",
					"@executable_path/Frameworks",
					"@loader_path/Frameworks",
				);
				PRODUCT_BUNDLE_IDENTIFIER = "com.jmontielr.KC-Fundamentos-IOS-PracticaTests";
				PRODUCT_NAME = "$(TARGET_NAME)";
				SWIFT_VERSION = 5.0;
				TARGETED_DEVICE_FAMILY = "1,2";
				TEST_HOST = "$(BUILT_PRODUCTS_DIR)/KC-Fundamentos_IOS-Practica.app/KC-Fundamentos_IOS-Practica";
			};
			name = Release;
		};
		5F7FDB852697087D007C402B /* Debug */ = {
			isa = XCBuildConfiguration;
			buildSettings = {
				ALWAYS_EMBED_SWIFT_STANDARD_LIBRARIES = YES;
				CODE_SIGN_STYLE = Automatic;
				INFOPLIST_FILE = "KC-Fundamentos_IOS-PracticaUITests/Info.plist";
				LD_RUNPATH_SEARCH_PATHS = (
					"$(inherited)",
					"@executable_path/Frameworks",
					"@loader_path/Frameworks",
				);
				PRODUCT_BUNDLE_IDENTIFIER = "com.jmontielr.KC-Fundamentos-IOS-PracticaUITests";
				PRODUCT_NAME = "$(TARGET_NAME)";
				SWIFT_VERSION = 5.0;
				TARGETED_DEVICE_FAMILY = "1,2";
				TEST_TARGET_NAME = "KC-Fundamentos_IOS-Practica";
			};
			name = Debug;
		};
		5F7FDB862697087D007C402B /* Release */ = {
			isa = XCBuildConfiguration;
			buildSettings = {
				ALWAYS_EMBED_SWIFT_STANDARD_LIBRARIES = YES;
				CODE_SIGN_STYLE = Automatic;
				INFOPLIST_FILE = "KC-Fundamentos_IOS-PracticaUITests/Info.plist";
				LD_RUNPATH_SEARCH_PATHS = (
					"$(inherited)",
					"@executable_path/Frameworks",
					"@loader_path/Frameworks",
				);
				PRODUCT_BUNDLE_IDENTIFIER = "com.jmontielr.KC-Fundamentos-IOS-PracticaUITests";
				PRODUCT_NAME = "$(TARGET_NAME)";
				SWIFT_VERSION = 5.0;
				TARGETED_DEVICE_FAMILY = "1,2";
				TEST_TARGET_NAME = "KC-Fundamentos_IOS-Practica";
			};
			name = Release;
		};
/* End XCBuildConfiguration section */

/* Begin XCConfigurationList section */
		5F7FDB4F2697087D007C402B /* Build configuration list for PBXProject "KC-Fundamentos_IOS-Practica" */ = {
			isa = XCConfigurationList;
			buildConfigurations = (
				5F7FDB7C2697087D007C402B /* Debug */,
				5F7FDB7D2697087D007C402B /* Release */,
			);
			defaultConfigurationIsVisible = 0;
			defaultConfigurationName = Release;
		};
		5F7FDB7E2697087D007C402B /* Build configuration list for PBXNativeTarget "KC-Fundamentos_IOS-Practica" */ = {
			isa = XCConfigurationList;
			buildConfigurations = (
				5F7FDB7F2697087D007C402B /* Debug */,
				5F7FDB802697087D007C402B /* Release */,
			);
			defaultConfigurationIsVisible = 0;
			defaultConfigurationName = Release;
		};
		5F7FDB812697087D007C402B /* Build configuration list for PBXNativeTarget "KC-Fundamentos_IOS-PracticaTests" */ = {
			isa = XCConfigurationList;
			buildConfigurations = (
				5F7FDB822697087D007C402B /* Debug */,
				5F7FDB832697087D007C402B /* Release */,
			);
			defaultConfigurationIsVisible = 0;
			defaultConfigurationName = Release;
		};
		5F7FDB842697087D007C402B /* Build configuration list for PBXNativeTarget "KC-Fundamentos_IOS-PracticaUITests" */ = {
			isa = XCConfigurationList;
			buildConfigurations = (
				5F7FDB852697087D007C402B /* Debug */,
				5F7FDB862697087D007C402B /* Release */,
			);
			defaultConfigurationIsVisible = 0;
			defaultConfigurationName = Release;
		};
/* End XCConfigurationList section */
	};
	rootObject = 5F7FDB4C2697087D007C402B /* Project object */;
}
